# This file is autogenerated, do not edit; changes may be undone by the next 'dep ensure'.


[[projects]]
  digest = "1:88b822fdfd4e6cc3e04bcae689b9914dadf385fbf17ccd9204dd5fa1c4582f38"
  name = "github.com/RangelReale/osin"
  packages = ["."]
  pruneopts = "UT"
  revision = "0f3357bb07e801ea62327872d19913969001dd7a"
  version = "v1.0.1"

[[projects]]
  digest = "1:b24d38b282bacf9791408a080f606370efa3d364e4b5fd9ba0f7b87786d3b679"
  name = "github.com/codegangsta/cli"
  packages = ["."]
  pruneopts = "UT"
  revision = "cfb38830724cc34fedffe9a2a29fb54fa9169cd1"
  version = "v1.20.0"

[[projects]]
  digest = "1:b506e522390f0f4ab91f4fdf162ce4f5a0b77ae664fc6c7d135dba9407e19e85"
  name = "github.com/dgrijalva/jwt-go"
  packages = ["."]
  pruneopts = "UT"
  revision = "0987fb8fd48e32823701acdac19f5cfe47339de4"
  version = "v1.0.2"

[[projects]]
  branch = "master"
  digest = "1:78102ee4d536347316bc42e818340cc50902e45dbd7fdd524c5a1fc0cb07b588"
  name = "github.com/globalsign/mgo"
  packages = [
    ".",
    "bson",
    "internal/json",
    "internal/sasl",
    "internal/scram",
  ]
  pruneopts = "UT"
  revision = "eeefdecb41b842af6dc652aaea4026e8403e62df"

[[projects]]
  digest = "1:582b704bebaa06b48c29b0cec224a6058a09c86883aaddabde889cd1a5f73e1b"
  name = "github.com/google/uuid"
  packages = ["."]
  pruneopts = "UT"
  revision = "0cd6bf5da1e1c83f8b45653022c74f71af0538a4"
  version = "v1.1.1"

[[projects]]
  digest = "1:d5f97fc268267ec1b61c3453058c738246fc3e746f14b1ae25161513b7367b0c"
  name = "github.com/gorilla/mux"
  packages = ["."]
  pruneopts = "UT"
  revision = "c5c6c98bc25355028a63748a498942a6398ccd22"
  version = "v1.7.1"

[[projects]]
  digest = "1:e5d0bd87abc2781d14e274807a470acd180f0499f8bf5bb18606e9ec22ad9de9"
  name = "github.com/pborman/uuid"
  packages = ["."]
  pruneopts = "UT"
  revision = "adf5a7427709b9deb95d29d3fa8a2bf9cfd388f1"
  version = "v1.2"

[[projects]]
  branch = "mgodriver"
  name = "github.com/tidepool-org/go-common"
  packages = [
    ".",
    "clients",
    "clients/disc",
    "clients/hakken",
    "clients/highwater",
    "clients/mongo",
    "clients/shoreline",
    "clients/status",
    "errors",
    "jepson",
  ]
  pruneopts = "UT"
  revision = "e94e84b86bbb49f76aaaaf33d336d120cb49e135"

[solve-meta]
  analyzer-name = "dep"
  analyzer-version = 1
  input-imports = [
    "github.com/RangelReale/osin",
    "github.com/codegangsta/cli",
    "github.com/dgrijalva/jwt-go",
    "github.com/globalsign/mgo",
    "github.com/globalsign/mgo/bson",
    "github.com/gorilla/mux",
    "github.com/tidepool-org/go-common",
    "github.com/tidepool-org/go-common/clients",
    "github.com/tidepool-org/go-common/clients/disc",
    "github.com/tidepool-org/go-common/clients/hakken",
    "github.com/tidepool-org/go-common/clients/highwater",
    "github.com/tidepool-org/go-common/clients/mongo",
    "github.com/tidepool-org/go-common/clients/shoreline",
    "github.com/tidepool-org/go-common/clients/status",
  ]
  solver-name = "gps-cdcl"
  solver-version = 1
